
Microsoft Visual Studio Solution File, Format Version 12.00
# Visual Studio Version 17
VisualStudioVersion = 17.14.36301.6 d17.14
MinimumVisualStudioVersion = 10.0.40219.1
Project("{2150E333-8FDC-42A3-9474-1A3956D46DE8}") = "backend", "backend", "{02EA681E-C7D8-13C7-8484-4AC65E1B71E8}"
EndProject
Project("{FAE04EC0-301F-11D3-BF4B-00C04F79EFBC}") = "hometask.api", "backend\hometask.api\hometask.api.csproj", "{CA6F28B2-9E07-4D3A-A62D-7DA6A5EC6DB3}"
EndProject
Global
	GlobalSection(SolutionConfigurationPlatforms) = preSolution
		Debug|Any CPU = Debug|Any CPU
		Release|Any CPU = Release|Any CPU
	EndGlobalSection
	GlobalSection(ProjectConfigurationPlatforms) = postSolution
		{CA6F28B2-9E07-4D3A-A62D-7DA6A5EC6DB3}.Debug|Any CPU.ActiveCfg = Debug|Any CPU
		{CA6F28B2-9E07-4D3A-A62D-7DA6A5EC6DB3}.Debug|Any CPU.Build.0 = Debug|Any CPU
		{CA6F28B2-9E07-4D3A-A62D-7DA6A5EC6DB3}.Release|Any CPU.ActiveCfg = Release|Any CPU
		{CA6F28B2-9E07-4D3A-A62D-7DA6A5EC6DB3}.Release|Any CPU.Build.0 = Release|Any CPU
	EndGlobalSection
	GlobalSection(SolutionProperties) = preSolution
		HideSolutionNode = FALSE
	EndGlobalSection
	GlobalSection(NestedProjects) = preSolution
		{CA6F28B2-9E07-4D3A-A62D-7DA6A5EC6DB3} = {02EA681E-C7D8-13C7-8484-4AC65E1B71E8}
	EndGlobalSection
	GlobalSection(ExtensibilityGlobals) = postSolution
		SolutionGuid = {7BD05768-DA0B-4DC5-9535-525C2C4360BC}
	EndGlobalSection
EndGlobal
